
Microsoft Visual Studio Solution File, Format Version 12.00
# Visual Studio Version 17
VisualStudioVersion = 17.10.35027.167
MinimumVisualStudioVersion = 10.0.40219.1
Project("{FAE04EC0-301F-11D3-BF4B-00C04F79EFBC}") = "Caso2Scaffolding22200563roldan", "Caso2Scaffolding22200563roldan\Caso2Scaffolding22200563roldan.csproj", "{3AB1E77D-8DCA-40EF-811D-6BAFF882EDC3}"
EndProject
Global
	GlobalSection(SolutionConfigurationPlatforms) = preSolution
		Debug|Any CPU = Debug|Any CPU
		Release|Any CPU = Release|Any CPU
	EndGlobalSection
	GlobalSection(ProjectConfigurationPlatforms) = postSolution
		{3AB1E77D-8DCA-40EF-811D-6BAFF882EDC3}.Debug|Any CPU.ActiveCfg = Debug|Any CPU
		{3AB1E77D-8DCA-40EF-811D-6BAFF882EDC3}.Debug|Any CPU.Build.0 = Debug|Any CPU
		{3AB1E77D-8DCA-40EF-811D-6BAFF882EDC3}.Release|Any CPU.ActiveCfg = Release|Any CPU
		{3AB1E77D-8DCA-40EF-811D-6BAFF882EDC3}.Release|Any CPU.Build.0 = Release|Any CPU
	EndGlobalSection
	GlobalSection(SolutionProperties) = preSolution
		HideSolutionNode = FALSE
	EndGlobalSection
	GlobalSection(ExtensibilityGlobals) = postSolution
		SolutionGuid = {0DC84844-ACEE-4A6E-9F01-5D8D5E83C16D}
	EndGlobalSection
EndGlobal
